
Microsoft Visual Studio Solution File, Format Version 12.00
# Visual Studio Version 17
VisualStudioVersion = 17.1.32421.90
MinimumVisualStudioVersion = 10.0.40219.1
Project("{FAE04EC0-301F-11D3-BF4B-00C04F79EFBC}") = "PARCIAL3MVC", "PARCIAL3MVC\PARCIAL3MVC.csproj", "{FFCC2769-358B-4BF5-8E62-93D1DE7878B2}"
EndProject
Global
	GlobalSection(SolutionConfigurationPlatforms) = preSolution
		Debug|Any CPU = Debug|Any CPU
		Release|Any CPU = Release|Any CPU
	EndGlobalSection
	GlobalSection(ProjectConfigurationPlatforms) = postSolution
		{FFCC2769-358B-4BF5-8E62-93D1DE7878B2}.Debug|Any CPU.ActiveCfg = Debug|Any CPU
		{FFCC2769-358B-4BF5-8E62-93D1DE7878B2}.Debug|Any CPU.Build.0 = Debug|Any CPU
		{FFCC2769-358B-4BF5-8E62-93D1DE7878B2}.Release|Any CPU.ActiveCfg = Release|Any CPU
		{FFCC2769-358B-4BF5-8E62-93D1DE7878B2}.Release|Any CPU.Build.0 = Release|Any CPU
	EndGlobalSection
	GlobalSection(SolutionProperties) = preSolution
		HideSolutionNode = FALSE
	EndGlobalSection
	GlobalSection(ExtensibilityGlobals) = postSolution
		SolutionGuid = {973C5AE6-4A54-4687-B666-0DDB742E19E1}
	EndGlobalSection
EndGlobal
